
Microsoft Visual Studio Solution File, Format Version 12.00
# Visual Studio Version 17
VisualStudioVersion = 17.11.35327.3
MinimumVisualStudioVersion = 10.0.40219.1
Project("{FAE04EC0-301F-11D3-BF4B-00C04F79EFBC}") = "myStrategy", "myStrategy\myStrategy.csproj", "{79B66CD3-5A9F-4E1E-BA7A-C634F83EF178}"
EndProject
Global
	GlobalSection(SolutionConfigurationPlatforms) = preSolution
		Debug|Any CPU = Debug|Any CPU
		Release|Any CPU = Release|Any CPU
	EndGlobalSection
	GlobalSection(ProjectConfigurationPlatforms) = postSolution
		{79B66CD3-5A9F-4E1E-BA7A-C634F83EF178}.Debug|Any CPU.ActiveCfg = Debug|Any CPU
		{79B66CD3-5A9F-4E1E-BA7A-C634F83EF178}.Debug|Any CPU.Build.0 = Debug|Any CPU
		{79B66CD3-5A9F-4E1E-BA7A-C634F83EF178}.Release|Any CPU.ActiveCfg = Release|Any CPU
		{79B66CD3-5A9F-4E1E-BA7A-C634F83EF178}.Release|Any CPU.Build.0 = Release|Any CPU
	EndGlobalSection
	GlobalSection(SolutionProperties) = preSolution
		HideSolutionNode = FALSE
	EndGlobalSection
	GlobalSection(ExtensibilityGlobals) = postSolution
		SolutionGuid = {881B46BE-C733-4511-B864-3E1E1FD6B591}
	EndGlobalSection
EndGlobal
